
Microsoft Visual Studio Solution File, Format Version 11.00
# Visual Studio 2010
Project("{FAE04EC0-301F-11D3-BF4B-00C04F79EFBC}") = "Scheduler", "Scheduler\Scheduler.csproj", "{7A3385B4-4EC8-4588-81F9-9D8C59F5E2BB}"
EndProject
Global
	GlobalSection(SolutionConfigurationPlatforms) = preSolution
		Debug|x86 = Debug|x86
		Release|x86 = Release|x86
	EndGlobalSection
	GlobalSection(ProjectConfigurationPlatforms) = postSolution
		{7A3385B4-4EC8-4588-81F9-9D8C59F5E2BB}.Debug|x86.ActiveCfg = Debug|x86
		{7A3385B4-4EC8-4588-81F9-9D8C59F5E2BB}.Debug|x86.Build.0 = Debug|x86
		{7A3385B4-4EC8-4588-81F9-9D8C59F5E2BB}.Release|x86.ActiveCfg = Release|x86
		{7A3385B4-4EC8-4588-81F9-9D8C59F5E2BB}.Release|x86.Build.0 = Release|x86
	EndGlobalSection
	GlobalSection(SolutionProperties) = preSolution
		HideSolutionNode = FALSE
	EndGlobalSection
EndGlobal
